Microsoft Visual Studio Solution File, Format Version 12.00
# Visual Studio 2012
Project("{FAE04EC0-301F-11D3-BF4B-00C04F79EFBC}") = "Backrooms", "Backrooms.csproj", "{AD272649-FC08-49E5-9368-6A8C840B317A}"
EndProject
Global
	GlobalSection(SolutionConfigurationPlatforms) = preSolution
	Debug|Any CPU = Debug|Any CPU
	ExportDebug|Any CPU = ExportDebug|Any CPU
	ExportRelease|Any CPU = ExportRelease|Any CPU
	EndGlobalSection
	GlobalSection(ProjectConfigurationPlatforms) = postSolution
		{AD272649-FC08-49E5-9368-6A8C840B317A}.Debug|Any CPU.ActiveCfg = Debug|Any CPU
		{AD272649-FC08-49E5-9368-6A8C840B317A}.Debug|Any CPU.Build.0 = Debug|Any CPU
		{AD272649-FC08-49E5-9368-6A8C840B317A}.ExportDebug|Any CPU.ActiveCfg = ExportDebug|Any CPU
		{AD272649-FC08-49E5-9368-6A8C840B317A}.ExportDebug|Any CPU.Build.0 = ExportDebug|Any CPU
		{AD272649-FC08-49E5-9368-6A8C840B317A}.ExportRelease|Any CPU.ActiveCfg = ExportRelease|Any CPU
		{AD272649-FC08-49E5-9368-6A8C840B317A}.ExportRelease|Any CPU.Build.0 = ExportRelease|Any CPU
	EndGlobalSection
EndGlobal
